// !$*UTF8*$!
{
	archiveVersion = 1;
	classes = {
	};
	objectVersion = 56;
	objects = {

/* Begin PBXBuildFile section */
		5B15F0FA2BBADC5B0035FFAB /* HomeView.swift in Sources */ = {isa = PBXBuildFile; fileRef = 5B15F0F92BBADC5B0035FFAB /* HomeView.swift */; };
		5B15F0FD2BBB3E570035FFAB /* HomeService.swift in Sources */ = {isa = PBXBuildFile; fileRef = 5B15F0FC2BBB3E570035FFAB /* HomeService.swift */; };
		5B8186BA2BBC35AB00D4429C /* Alamofire in Frameworks */ = {isa = PBXBuildFile; productRef = 5B8186B92BBC35AB00D4429C /* Alamofire */; };
		5B8186BC2BBC35AB00D4429C /* AlamofireDynamic in Frameworks */ = {isa = PBXBuildFile; productRef = 5B8186BB2BBC35AB00D4429C /* AlamofireDynamic */; };
		5B8D180B2BB4460700BA4F75 /* ChefDeliveryApp.swift in Sources */ = {isa = PBXBuildFile; fileRef = 5B8D180A2BB4460700BA4F75 /* ChefDeliveryApp.swift */; };
		5B8D180D2BB4460700BA4F75 /* ContentView.swift in Sources */ = {isa = PBXBuildFile; fileRef = 5B8D180C2BB4460700BA4F75 /* ContentView.swift */; };
		5B8D180F2BB4460900BA4F75 /* Assets.xcassets in Resources */ = {isa = PBXBuildFile; fileRef = 5B8D180E2BB4460900BA4F75 /* Assets.xcassets */; };
		5B8D18122BB4460900BA4F75 /* Preview Assets.xcassets in Resources */ = {isa = PBXBuildFile; fileRef = 5B8D18112BB4460900BA4F75 /* Preview Assets.xcassets */; };
		5B8D181B2BB4495900BA4F75 /* NavigationBar.swift in Sources */ = {isa = PBXBuildFile; fileRef = 5B8D181A2BB4495900BA4F75 /* NavigationBar.swift */; };
		5B8D181E2BB4503500BA4F75 /* OrderTypeGridView.swift in Sources */ = {isa = PBXBuildFile; fileRef = 5B8D181D2BB4503500BA4F75 /* OrderTypeGridView.swift */; };
		5B8D18212BB4536400BA4F75 /* OrderType.swift in Sources */ = {isa = PBXBuildFile; fileRef = 5B8D18202BB4536400BA4F75 /* OrderType.swift */; };
		5B8D18232BB453CE00BA4F75 /* DataSourceMock.swift in Sources */ = {isa = PBXBuildFile; fileRef = 5B8D18222BB453CE00BA4F75 /* DataSourceMock.swift */; };
		5B8D18252BB4555400BA4F75 /* OrderTypeView.swift in Sources */ = {isa = PBXBuildFile; fileRef = 5B8D18242BB4555400BA4F75 /* OrderTypeView.swift */; };
		5B8D18282BB45AAD00BA4F75 /* CarouselItemView.swift in Sources */ = {isa = PBXBuildFile; fileRef = 5B8D18272BB45AAD00BA4F75 /* CarouselItemView.swift */; };
		5B8D182A2BB45BBA00BA4F75 /* CarouselTabView.swift in Sources */ = {isa = PBXBuildFile; fileRef = 5B8D18292BB45BBA00BA4F75 /* CarouselTabView.swift */; };
		5B8D182D2BB45DBE00BA4F75 /* StoreItemView.swift in Sources */ = {isa = PBXBuildFile; fileRef = 5B8D182C2BB45DBE00BA4F75 /* StoreItemView.swift */; };
		5B8D182F2BB461EE00BA4F75 /* StoresContainerView.swift in Sources */ = {isa = PBXBuildFile; fileRef = 5B8D182E2BB461EE00BA4F75 /* StoresContainerView.swift */; };
		5B94F33B2BB58ACD003BCCE6 /* StoreDetailView.swift in Sources */ = {isa = PBXBuildFile; fileRef = 5B94F33A2BB58ACD003BCCE6 /* StoreDetailView.swift */; };
		5B94F33D2BB58FBF003BCCE6 /* StoreType.swift in Sources */ = {isa = PBXBuildFile; fileRef = 5B94F33C2BB58FBF003BCCE6 /* StoreType.swift */; };
		5B94F33F2BB59012003BCCE6 /* ProductType.swift in Sources */ = {isa = PBXBuildFile; fileRef = 5B94F33E2BB59012003BCCE6 /* ProductType.swift */; };
		5B94F3422BB59B39003BCCE6 /* Double+ .swift in Sources */ = {isa = PBXBuildFile; fileRef = 5B94F3412BB59B38003BCCE6 /* Double+ .swift */; };
		5B94F3452BB5A77A003BCCE6 /* ProductDetailView.swift in Sources */ = {isa = PBXBuildFile; fileRef = 5B94F3442BB5A77A003BCCE6 /* ProductDetailView.swift */; };
		5B94F3482BB5FC89003BCCE6 /* StoreDetailHeaderView.swift in Sources */ = {isa = PBXBuildFile; fileRef = 5B94F3472BB5FC89003BCCE6 /* StoreDetailHeaderView.swift */; };
		5B94F34A2BB5FE6C003BCCE6 /* StoreDetailProductsView.swift in Sources */ = {isa = PBXBuildFile; fileRef = 5B94F3492BB5FE6C003BCCE6 /* StoreDetailProductsView.swift */; };
		5B94F34C2BB6021B003BCCE6 /* StoreDetailProductItemView.swift in Sources */ = {isa = PBXBuildFile; fileRef = 5B94F34B2BB6021B003BCCE6 /* StoreDetailProductItemView.swift */; };
		5B94F34E2BB6056A003BCCE6 /* ProductDetailHeaderView.swift in Sources */ = {isa = PBXBuildFile; fileRef = 5B94F34D2BB6056A003BCCE6 /* ProductDetailHeaderView.swift */; };
		5B94F3502BB605E3003BCCE6 /* ProductDetailQuantityView.swift in Sources */ = {isa = PBXBuildFile; fileRef = 5B94F34F2BB605E3003BCCE6 /* ProductDetailQuantityView.swift */; };
/* End PBXBuildFile section */

/* Begin PBXFileReference section */
		5B15F0F92BBADC5B0035FFAB /* HomeView.swift */ = {isa = PBXFileReference; lastKnownFileType = sourcecode.swift; path = HomeView.swift; sourceTree = "<group>"; };
		5B15F0FC2BBB3E570035FFAB /* HomeService.swift */ = {isa = PBXFileReference; lastKnownFileType = sourcecode.swift; path = HomeService.swift; sourceTree = "<group>"; };
		5B8D18072BB4460700BA4F75 /* ChefDelivery.app */ = {isa = PBXFileReference; explicitFileType = wrapper.application; includeInIndex = 0; path = ChefDelivery.app; sourceTree = BUILT_PRODUCTS_DIR; };
		5B8D180A2BB4460700BA4F75 /* ChefDeliveryApp.swift */ = {isa = PBXFileReference; lastKnownFileType = sourcecode.swift; path = ChefDeliveryApp.swift; sourceTree = "<group>"; };
		5B8D180C2BB4460700BA4F75 /* ContentView.swift */ = {isa = PBXFileReference; lastKnownFileType = sourcecode.swift; path = ContentView.swift; sourceTree = "<group>"; };
		5B8D180E2BB4460900BA4F75 /* Assets.xcassets */ = {isa = PBXFileReference; lastKnownFileType = folder.assetcatalog; path = Assets.xcassets; sourceTree = "<group>"; };
		5B8D18112BB4460900BA4F75 /* Preview Assets.xcassets */ = {isa = PBXFileReference; lastKnownFileType = folder.assetcatalog; path = "Preview Assets.xcassets"; sourceTree = "<group>"; };
		5B8D181A2BB4495900BA4F75 /* NavigationBar.swift */ = {isa = PBXFileReference; lastKnownFileType = sourcecode.swift; path = NavigationBar.swift; sourceTree = "<group>"; };
		5B8D181D2BB4503500BA4F75 /* OrderTypeGridView.swift */ = {isa = PBXFileReference; lastKnownFileType = sourcecode.swift; path = OrderTypeGridView.swift; sourceTree = "<group>"; };
		5B8D18202BB4536400BA4F75 /* OrderType.swift */ = {isa = PBXFileReference; lastKnownFileType = sourcecode.swift; path = OrderType.swift; sourceTree = "<group>"; };
		5B8D18222BB453CE00BA4F75 /* DataSourceMock.swift */ = {isa = PBXFileReference; lastKnownFileType = sourcecode.swift; path = DataSourceMock.swift; sourceTree = "<group>"; };
		5B8D18242BB4555400BA4F75 /* OrderTypeView.swift */ = {isa = PBXFileReference; lastKnownFileType = sourcecode.swift; path = OrderTypeView.swift; sourceTree = "<group>"; };
		5B8D18272BB45AAD00BA4F75 /* CarouselItemView.swift */ = {isa = PBXFileReference; lastKnownFileType = sourcecode.swift; path = CarouselItemView.swift; sourceTree = "<group>"; };
		5B8D18292BB45BBA00BA4F75 /* CarouselTabView.swift */ = {isa = PBXFileReference; lastKnownFileType = sourcecode.swift; path = CarouselTabView.swift; sourceTree = "<group>"; };
		5B8D182C2BB45DBE00BA4F75 /* StoreItemView.swift */ = {isa = PBXFileReference; lastKnownFileType = sourcecode.swift; path = StoreItemView.swift; sourceTree = "<group>"; };
		5B8D182E2BB461EE00BA4F75 /* StoresContainerView.swift */ = {isa = PBXFileReference; lastKnownFileType = sourcecode.swift; path = StoresContainerView.swift; sourceTree = "<group>"; };
		5B94F33A2BB58ACD003BCCE6 /* StoreDetailView.swift */ = {isa = PBXFileReference; lastKnownFileType = sourcecode.swift; path = StoreDetailView.swift; sourceTree = "<group>"; };
		5B94F33C2BB58FBF003BCCE6 /* StoreType.swift */ = {isa = PBXFileReference; lastKnownFileType = sourcecode.swift; path = StoreType.swift; sourceTree = "<group>"; };
		5B94F33E2BB59012003BCCE6 /* ProductType.swift */ = {isa = PBXFileReference; lastKnownFileType = sourcecode.swift; path = ProductType.swift; sourceTree = "<group>"; };
		5B94F3412BB59B38003BCCE6 /* Double+ .swift */ = {isa = PBXFileReference; lastKnownFileType = sourcecode.swift; path = "Double+ .swift"; sourceTree = "<group>"; };
		5B94F3442BB5A77A003BCCE6 /* ProductDetailView.swift */ = {isa = PBXFileReference; lastKnownFileType = sourcecode.swift; path = ProductDetailView.swift; sourceTree = "<group>"; };
		5B94F3472BB5FC89003BCCE6 /* StoreDetailHeaderView.swift */ = {isa = PBXFileReference; lastKnownFileType = sourcecode.swift; path = StoreDetailHeaderView.swift; sourceTree = "<group>"; };
		5B94F3492BB5FE6C003BCCE6 /* StoreDetailProductsView.swift */ = {isa = PBXFileReference; lastKnownFileType = sourcecode.swift; path = StoreDetailProductsView.swift; sourceTree = "<group>"; };
		5B94F34B2BB6021B003BCCE6 /* StoreDetailProductItemView.swift */ = {isa = PBXFileReference; lastKnownFileType = sourcecode.swift; path = StoreDetailProductItemView.swift; sourceTree = "<group>"; };
		5B94F34D2BB6056A003BCCE6 /* ProductDetailHeaderView.swift */ = {isa = PBXFileReference; lastKnownFileType = sourcecode.swift; path = ProductDetailHeaderView.swift; sourceTree = "<group>"; };
		5B94F34F2BB605E3003BCCE6 /* ProductDetailQuantityView.swift */ = {isa = PBXFileReference; lastKnownFileType = sourcecode.swift; path = ProductDetailQuantityView.swift; sourceTree = "<group>"; };
/* End PBXFileReference section */

/* Begin PBXFrameworksBuildPhase section */
		5B8D18042BB4460700BA4F75 /* Frameworks */ = {
			isa = PBXFrameworksBuildPhase;
			buildActionMask = 2147483647;
			files = (
				5B8186BA2BBC35AB00D4429C /* Alamofire in Frameworks */,
				5B8186BC2BBC35AB00D4429C /* AlamofireDynamic in Frameworks */,
			);
			runOnlyForDeploymentPostprocessing = 0;
		};
/* End PBXFrameworksBuildPhase section */

/* Begin PBXGroup section */
		5B15F0F82BBADC4B0035FFAB /* HomeView */ = {
			isa = PBXGroup;
			children = (
				5B15F0F92BBADC5B0035FFAB /* HomeView.swift */,
			);
			path = HomeView;
			sourceTree = "<group>";
		};
		5B15F0FB2BBB3E440035FFAB /* Networking */ = {
			isa = PBXGroup;
			children = (
				5B15F0FC2BBB3E570035FFAB /* HomeService.swift */,
			);
			path = Networking;
			sourceTree = "<group>";
		};
		5B8D17FE2BB4460700BA4F75 = {
			isa = PBXGroup;
			children = (
				5B8D18092BB4460700BA4F75 /* ChefDelivery */,
				5B8D18082BB4460700BA4F75 /* Products */,
			);
			sourceTree = "<group>";
		};
		5B8D18082BB4460700BA4F75 /* Products */ = {
			isa = PBXGroup;
			children = (
				5B8D18072BB4460700BA4F75 /* ChefDelivery.app */,
			);
			name = Products;
			sourceTree = "<group>";
		};
		5B8D18092BB4460700BA4F75 /* ChefDelivery */ = {
			isa = PBXGroup;
			children = (
				5B15F0F82BBADC4B0035FFAB /* HomeView */,
				5B94F3432BB5A75F003BCCE6 /* ProductView */,
				5B94F3402BB59B28003BCCE6 /* Extension */,
				5B8D18192BB4493400BA4F75 /* App */,
				5B8D181F2BB4532600BA4F75 /* Model */,
				5B8D18182BB4492200BA4F75 /* NavigationBar */,
				5B8D181C2BB4500D00BA4F75 /* Gridview */,
				5B8D18262BB45A7D00BA4F75 /* CarouselView */,
				5B8D182B2BB45DA700BA4F75 /* StoresView */,
				5B15F0FB2BBB3E440035FFAB /* Networking */,
				5B8D180E2BB4460900BA4F75 /* Assets.xcassets */,
				5B8D18102BB4460900BA4F75 /* Preview Content */,
			);
			path = ChefDelivery;
			sourceTree = "<group>";
		};
		5B8D18102BB4460900BA4F75 /* Preview Content */ = {
			isa = PBXGroup;
			children = (
				5B8D18112BB4460900BA4F75 /* Preview Assets.xcassets */,
			);
			path = "Preview Content";
			sourceTree = "<group>";
		};
		5B8D18182BB4492200BA4F75 /* NavigationBar */ = {
			isa = PBXGroup;
			children = (
				5B8D181A2BB4495900BA4F75 /* NavigationBar.swift */,
			);
			path = NavigationBar;
			sourceTree = "<group>";
		};
		5B8D18192BB4493400BA4F75 /* App */ = {
			isa = PBXGroup;
			children = (
				5B8D180A2BB4460700BA4F75 /* ChefDeliveryApp.swift */,
				5B8D180C2BB4460700BA4F75 /* ContentView.swift */,
			);
			path = App;
			sourceTree = "<group>";
		};
		5B8D181C2BB4500D00BA4F75 /* Gridview */ = {
			isa = PBXGroup;
			children = (
				5B8D181D2BB4503500BA4F75 /* OrderTypeGridView.swift */,
				5B8D18242BB4555400BA4F75 /* OrderTypeView.swift */,
			);
			path = Gridview;
			sourceTree = "<group>";
		};
		5B8D181F2BB4532600BA4F75 /* Model */ = {
			isa = PBXGroup;
			children = (
				5B8D18202BB4536400BA4F75 /* OrderType.swift */,
				5B8D18222BB453CE00BA4F75 /* DataSourceMock.swift */,
				5B94F33C2BB58FBF003BCCE6 /* StoreType.swift */,
				5B94F33E2BB59012003BCCE6 /* ProductType.swift */,
			);
			path = Model;
			sourceTree = "<group>";
		};
		5B8D18262BB45A7D00BA4F75 /* CarouselView */ = {
			isa = PBXGroup;
			children = (
				5B8D18272BB45AAD00BA4F75 /* CarouselItemView.swift */,
				5B8D18292BB45BBA00BA4F75 /* CarouselTabView.swift */,
			);
			path = CarouselView;
			sourceTree = "<group>";
		};
		5B8D182B2BB45DA700BA4F75 /* StoresView */ = {
			isa = PBXGroup;
			children = (
				5B94F3462BB5FC5D003BCCE6 /* StoresDetailView */,
				5B8D182C2BB45DBE00BA4F75 /* StoreItemView.swift */,
				5B8D182E2BB461EE00BA4F75 /* StoresContainerView.swift */,
			);
			path = StoresView;
			sourceTree = "<group>";
		};
		5B94F3402BB59B28003BCCE6 /* Extension */ = {
			isa = PBXGroup;
			children = (
				5B94F3412BB59B38003BCCE6 /* Double+ .swift */,
			);
			path = Extension;
			sourceTree = "<group>";
		};
		5B94F3432BB5A75F003BCCE6 /* ProductView */ = {
			isa = PBXGroup;
			children = (
				5B94F3442BB5A77A003BCCE6 /* ProductDetailView.swift */,
				5B94F34D2BB6056A003BCCE6 /* ProductDetailHeaderView.swift */,
				5B94F34F2BB605E3003BCCE6 /* ProductDetailQuantityView.swift */,
			);
			path = ProductView;
			sourceTree = "<group>";
		};
		5B94F3462BB5FC5D003BCCE6 /* StoresDetailView */ = {
			isa = PBXGroup;
			children = (
				5B94F33A2BB58ACD003BCCE6 /* StoreDetailView.swift */,
				5B94F3472BB5FC89003BCCE6 /* StoreDetailHeaderView.swift */,
				5B94F3492BB5FE6C003BCCE6 /* StoreDetailProductsView.swift */,
				5B94F34B2BB6021B003BCCE6 /* StoreDetailProductItemView.swift */,
			);
			path = StoresDetailView;
			sourceTree = "<group>";
		};
/* End PBXGroup section */

/* Begin PBXNativeTarget section */
		5B8D18062BB4460700BA4F75 /* ChefDelivery */ = {
			isa = PBXNativeTarget;
			buildConfigurationList = 5B8D18152BB4460900BA4F75 /* Build configuration list for PBXNativeTarget "ChefDelivery" */;
			buildPhases = (
				5B8D18032BB4460700BA4F75 /* Sources */,
				5B8D18042BB4460700BA4F75 /* Frameworks */,
				5B8D18052BB4460700BA4F75 /* Resources */,
			);
			buildRules = (
			);
			dependencies = (
			);
			name = ChefDelivery;
			packageProductDependencies = (
				5B8186B92BBC35AB00D4429C /* Alamofire */,
				5B8186BB2BBC35AB00D4429C /* AlamofireDynamic */,
			);
			productName = ChefDelivery;
			productReference = 5B8D18072BB4460700BA4F75 /* ChefDelivery.app */;
			productType = "com.apple.product-type.application";
		};
/* End PBXNativeTarget section */

/* Begin PBXProject section */
		5B8D17FF2BB4460700BA4F75 /* Project object */ = {
			isa = PBXProject;
			attributes = {
				BuildIndependentTargetsInParallel = 1;
				LastSwiftUpdateCheck = 1530;
				LastUpgradeCheck = 1530;
				TargetAttributes = {
					5B8D18062BB4460700BA4F75 = {
						CreatedOnToolsVersion = 15.3;
					};
				};
			};
			buildConfigurationList = 5B8D18022BB4460700BA4F75 /* Build configuration list for PBXProject "ChefDelivery" */;
			compatibilityVersion = "Xcode 14.0";
			developmentRegion = en;
			hasScannedForEncodings = 0;
			knownRegions = (
				en,
				Base,
			);
			mainGroup = 5B8D17FE2BB4460700BA4F75;
			packageReferences = (
				5B8186B82BBC35AB00D4429C /* XCRemoteSwiftPackageReference "Alamofire" */,
			);
			productRefGroup = 5B8D18082BB4460700BA4F75 /* Products */;
			projectDirPath = "";
			projectRoot = "";
			targets = (
				5B8D18062BB4460700BA4F75 /* ChefDelivery */,
			);
		};
/* End PBXProject section */

/* Begin PBXResourcesBuildPhase section */
		5B8D18052BB4460700BA4F75 /* Resources */ = {
			isa = PBXResourcesBuildPhase;
			buildActionMask = 2147483647;
			files = (
				5B8D18122BB4460900BA4F75 /* Preview Assets.xcassets in Resources */,
				5B8D180F2BB4460900BA4F75 /* Assets.xcassets in Resources */,
			);
			runOnlyForDeploymentPostprocessing = 0;
		};
/* End PBXResourcesBuildPhase section */

/* Begin PBXSourcesBuildPhase section */
		5B8D18032BB4460700BA4F75 /* Sources */ = {
			isa = PBXSourcesBuildPhase;
			buildActionMask = 2147483647;
			files = (
				5B94F34E2BB6056A003BCCE6 /* ProductDetailHeaderView.swift in Sources */,
				5B8D18212BB4536400BA4F75 /* OrderType.swift in Sources */,
				5B94F3452BB5A77A003BCCE6 /* ProductDetailView.swift in Sources */,
				5B94F33F2BB59012003BCCE6 /* ProductType.swift in Sources */,
				5B8D18282BB45AAD00BA4F75 /* CarouselItemView.swift in Sources */,
				5B15F0FA2BBADC5B0035FFAB /* HomeView.swift in Sources */,
				5B8D180D2BB4460700BA4F75 /* ContentView.swift in Sources */,
				5B94F3502BB605E3003BCCE6 /* ProductDetailQuantityView.swift in Sources */,
				5B8D18232BB453CE00BA4F75 /* DataSourceMock.swift in Sources */,
				5B8D182F2BB461EE00BA4F75 /* StoresContainerView.swift in Sources */,
				5B8D18252BB4555400BA4F75 /* OrderTypeView.swift in Sources */,
				5B8D182D2BB45DBE00BA4F75 /* StoreItemView.swift in Sources */,
				5B94F33B2BB58ACD003BCCE6 /* StoreDetailView.swift in Sources */,
				5B8D181E2BB4503500BA4F75 /* OrderTypeGridView.swift in Sources */,
				5B94F3422BB59B39003BCCE6 /* Double+ .swift in Sources */,
				5B8D180B2BB4460700BA4F75 /* ChefDeliveryApp.swift in Sources */,
				5B8D181B2BB4495900BA4F75 /* NavigationBar.swift in Sources */,
				5B94F33D2BB58FBF003BCCE6 /* StoreType.swift in Sources */,
				5B15F0FD2BBB3E570035FFAB /* HomeService.swift in Sources */,
				5B94F34A2BB5FE6C003BCCE6 /* StoreDetailProductsView.swift in Sources */,
				5B8D182A2BB45BBA00BA4F75 /* CarouselTabView.swift in Sources */,
				5B94F34C2BB6021B003BCCE6 /* StoreDetailProductItemView.swift in Sources */,
				5B94F3482BB5FC89003BCCE6 /* StoreDetailHeaderView.swift in Sources */,
			);
			runOnlyForDeploymentPostprocessing = 0;
		};
/* End PBXSourcesBuildPhase section */

/* Begin XCBuildConfiguration section */
		5B8D18132BB4460900BA4F75 /* Debug */ = {
			isa = XCBuildConfiguration;
			buildSettings = {
				ALWAYS_SEARCH_USER_PATHS = NO;
				ASSETCATALOG_COMPILER_GENERATE_SWIFT_ASSET_SYMBOL_EXTENSIONS = YES;
				CLANG_ANALYZER_NONNULL = YES;
				CLANG_ANALYZER_NUMBER_OBJECT_CONVERSION = YES_AGGRESSIVE;
				CLANG_CXX_LANGUAGE_STANDARD = "gnu++20";
				CLANG_ENABLE_MODULES = YES;
				CLANG_ENABLE_OBJC_ARC = YES;
				CLANG_ENABLE_OBJC_WEAK = YES;
				CLANG_WARN_BLOCK_CAPTURE_AUTORELEASING = YES;
				CLANG_WARN_BOOL_CONVERSION = YES;
				CLANG_WARN_COMMA = YES;
				CLANG_WARN_CONSTANT_CONVERSION = YES;
				CLANG_WARN_DEPRECATED_OBJC_IMPLEMENTATIONS = YES;
				CLANG_WARN_DIRECT_OBJC_ISA_USAGE = YES_ERROR;
				CLANG_WARN_DOCUMENTATION_COMMENTS = YES;
				CLANG_WARN_EMPTY_BODY = YES;
				CLANG_WARN_ENUM_CONVERSION = YES;
				CLANG_WARN_INFINITE_RECURSION = YES;
				CLANG_WARN_INT_CONVERSION = YES;
				CLANG_WARN_NON_LITERAL_NULL_CONVERSION = YES;
				CLANG_WARN_OBJC_IMPLICIT_RETAIN_SELF = YES;
				CLANG_WARN_OBJC_LITERAL_CONVERSION = YES;
				CLANG_WARN_OBJC_ROOT_CLASS = YES_ERROR;
				CLANG_WARN_QUOTED_INCLUDE_IN_FRAMEWORK_HEADER = YES;
				CLANG_WARN_RANGE_LOOP_ANALYSIS = YES;
				CLANG_WARN_STRICT_PROTOTYPES = YES;
				CLANG_WARN_SUSPICIOUS_MOVE = YES;
				CLANG_WARN_UNGUARDED_AVAILABILITY = YES_AGGRESSIVE;
				CLANG_WARN_UNREACHABLE_CODE = YES;
				CLANG_WARN__DUPLICATE_METHOD_MATCH = YES;
				COPY_PHASE_STRIP = NO;
				DEBUG_INFORMATION_FORMAT = dwarf;
				ENABLE_STRICT_OBJC_MSGSEND = YES;
				ENABLE_TESTABILITY = YES;
				ENABLE_USER_SCRIPT_SANDBOXING = YES;
				GCC_C_LANGUAGE_STANDARD = gnu17;
				GCC_DYNAMIC_NO_PIC = NO;
				GCC_NO_COMMON_BLOCKS = YES;
				GCC_OPTIMIZATION_LEVEL = 0;
				GCC_PREPROCESSOR_DEFINITIONS = (
					"DEBUG=1",
					"$(inherited)",
				);
				GCC_WARN_64_TO_32_BIT_CONVERSION = YES;
				GCC_WARN_ABOUT_RETURN_TYPE = YES_ERROR;
				GCC_WARN_UNDECLARED_SELECTOR = YES;
				GCC_WARN_UNINITIALIZED_AUTOS = YES_AGGRESSIVE;
				GCC_WARN_UNUSED_FUNCTION = YES;
				GCC_WARN_UNUSED_VARIABLE = YES;
				IPHONEOS_DEPLOYMENT_TARGET = 17.4;
				LOCALIZATION_PREFERS_STRING_CATALOGS = YES;
				MTL_ENABLE_DEBUG_INFO = INCLUDE_SOURCE;
				MTL_FAST_MATH = YES;
				ONLY_ACTIVE_ARCH = YES;
				SDKROOT = iphoneos;
				SWIFT_ACTIVE_COMPILATION_CONDITIONS = "DEBUG $(inherited)";
				SWIFT_OPTIMIZATION_LEVEL = "-Onone";
			};
			name = Debug;
		};
		5B8D18142BB4460900BA4F75 /* Release */ = {
			isa = XCBuildConfiguration;
			buildSettings = {
				ALWAYS_SEARCH_USER_PATHS = NO;
				ASSETCATALOG_COMPILER_GENERATE_SWIFT_ASSET_SYMBOL_EXTENSIONS = YES;
				CLANG_ANALYZER_NONNULL = YES;
				CLANG_ANALYZER_NUMBER_OBJECT_CONVERSION = YES_AGGRESSIVE;
				CLANG_CXX_LANGUAGE_STANDARD = "gnu++20";
				CLANG_ENABLE_MODULES = YES;
				CLANG_ENABLE_OBJC_ARC = YES;
				CLANG_ENABLE_OBJC_WEAK = YES;
				CLANG_WARN_BLOCK_CAPTURE_AUTORELEASING = YES;
				CLANG_WARN_BOOL_CONVERSION = YES;
				CLANG_WARN_COMMA = YES;
				CLANG_WARN_CONSTANT_CONVERSION = YES;
				CLANG_WARN_DEPRECATED_OBJC_IMPLEMENTATIONS = YES;
				CLANG_WARN_DIRECT_OBJC_ISA_USAGE = YES_ERROR;
				CLANG_WARN_DOCUMENTATION_COMMENTS = YES;
				CLANG_WARN_EMPTY_BODY = YES;
				CLANG_WARN_ENUM_CONVERSION = YES;
				CLANG_WARN_INFINITE_RECURSION = YES;
				CLANG_WARN_INT_CONVERSION = YES;
				CLANG_WARN_NON_LITERAL_NULL_CONVERSION = YES;
				CLANG_WARN_OBJC_IMPLICIT_RETAIN_SELF = YES;
				CLANG_WARN_OBJC_LITERAL_CONVERSION = YES;
				CLANG_WARN_OBJC_ROOT_CLASS = YES_ERROR;
				CLANG_WARN_QUOTED_INCLUDE_IN_FRAMEWORK_HEADER = YES;
				CLANG_WARN_RANGE_LOOP_ANALYSIS = YES;
				CLANG_WARN_STRICT_PROTOTYPES = YES;
				CLANG_WARN_SUSPICIOUS_MOVE = YES;
				CLANG_WARN_UNGUARDED_AVAILABILITY = YES_AGGRESSIVE;
				CLANG_WARN_UNREACHABLE_CODE = YES;
				CLANG_WARN__DUPLICATE_METHOD_MATCH = YES;
				COPY_PHASE_STRIP = NO;
				DEBUG_INFORMATION_FORMAT = "dwarf-with-dsym";
				ENABLE_NS_ASSERTIONS = NO;
				ENABLE_STRICT_OBJC_MSGSEND = YES;
				ENABLE_USER_SCRIPT_SANDBOXING = YES;
				GCC_C_LANGUAGE_STANDARD = gnu17;
				GCC_NO_COMMON_BLOCKS = YES;
				GCC_WARN_64_TO_32_BIT_CONVERSION = YES;
				GCC_WARN_ABOUT_RETURN_TYPE = YES_ERROR;
				GCC_WARN_UNDECLARED_SELECTOR = YES;
				GCC_WARN_UNINITIALIZED_AUTOS = YES_AGGRESSIVE;
				GCC_WARN_UNUSED_FUNCTION = YES;
				GCC_WARN_UNUSED_VARIABLE = YES;
				IPHONEOS_DEPLOYMENT_TARGET = 17.4;
				LOCALIZATION_PREFERS_STRING_CATALOGS = YES;
				MTL_ENABLE_DEBUG_INFO = NO;
				MTL_FAST_MATH = YES;
				SDKROOT = iphoneos;
				SWIFT_COMPILATION_MODE = wholemodule;
				VALIDATE_PRODUCT = YES;
			};
			name = Release;
		};
		5B8D18162BB4460900BA4F75 /* Debug */ = {
			isa = XCBuildConfiguration;
			buildSettings = {
				ASSETCATALOG_COMPILER_APPICON_NAME = AppIcon;
				ASSETCATALOG_COMPILER_GLOBAL_ACCENT_COLOR_NAME = AccentColor;
				CODE_SIGN_STYLE = Automatic;
				CURRENT_PROJECT_VERSION = 1;
				DEVELOPMENT_ASSET_PATHS = "\"ChefDelivery/Preview Content\"";
				DEVELOPMENT_TEAM = 3XAWG637ZN;
				ENABLE_PREVIEWS = YES;
				GENERATE_INFOPLIST_FILE = YES;
				INFOPLIST_KEY_UIApplicationSceneManifest_Generation = YES;
				INFOPLIST_KEY_UIApplicationSupportsIndirectInputEvents = YES;
				INFOPLIST_KEY_UILaunchScreen_Generation = YES;
				INFOPLIST_KEY_UISupportedInterfaceOrientations_iPad = "UIInterfaceOrientationPortrait UIInterfaceOrientationPortraitUpsideDown UIInterfaceOrientationLandscapeLeft UIInterfaceOrientationLandscapeRight";
				INFOPLIST_KEY_UISupportedInterfaceOrientations_iPhone = "UIInterfaceOrientationPortrait UIInterfaceOrientationLandscapeLeft UIInterfaceOrientationLandscapeRight";
				LD_RUNPATH_SEARCH_PATHS = (
					"$(inherited)",
					"@executable_path/Frameworks",
				);
				MARKETING_VERSION = 1.0;
				PRODUCT_BUNDLE_IDENTIFIER = br.com.alisson.ChefDelivery;
				PRODUCT_NAME = "$(TARGET_NAME)";
				SWIFT_EMIT_LOC_STRINGS = YES;
				SWIFT_VERSION = 5.0;
				TARGETED_DEVICE_FAMILY = "1,2";
			};
			name = Debug;
		};
		5B8D18172BB4460900BA4F75 /* Release */ = {
			isa = XCBuildConfiguration;
			buildSettings = {
				ASSETCATALOG_COMPILER_APPICON_NAME = AppIcon;
				ASSETCATALOG_COMPILER_GLOBAL_ACCENT_COLOR_NAME = AccentColor;
				CODE_SIGN_STYLE = Automatic;
				CURRENT_PROJECT_VERSION = 1;
				DEVELOPMENT_ASSET_PATHS = "\"ChefDelivery/Preview Content\"";
				DEVELOPMENT_TEAM = 3XAWG637ZN;
				ENABLE_PREVIEWS = YES;
				GENERATE_INFOPLIST_FILE = YES;
				INFOPLIST_KEY_UIApplicationSceneManifest_Generation = YES;
				INFOPLIST_KEY_UIApplicationSupportsIndirectInputEvents = YES;
				INFOPLIST_KEY_UILaunchScreen_Generation = YES;
				INFOPLIST_KEY_UISupportedInterfaceOrientations_iPad = "UIInterfaceOrientationPortrait UIInterfaceOrientationPortraitUpsideDown UIInterfaceOrientationLandscapeLeft UIInterfaceOrientationLandscapeRight";
				INFOPLIST_KEY_UISupportedInterfaceOrientations_iPhone = "UIInterfaceOrientationPortrait UIInterfaceOrientationLandscapeLeft UIInterfaceOrientationLandscapeRight";
				LD_RUNPATH_SEARCH_PATHS = (
					"$(inherited)",
					"@executable_path/Frameworks",
				);
				MARKETING_VERSION = 1.0;
				PRODUCT_BUNDLE_IDENTIFIER = br.com.alisson.ChefDelivery;
				PRODUCT_NAME = "$(TARGET_NAME)";
				SWIFT_EMIT_LOC_STRINGS = YES;
				SWIFT_VERSION = 5.0;
				TARGETED_DEVICE_FAMILY = "1,2";
			};
			name = Release;
		};
/* End XCBuildConfiguration section */

/* Begin XCConfigurationList section */
		5B8D18022BB4460700BA4F75 /* Build configuration list for PBXProject "ChefDelivery" */ = {
			isa = XCConfigurationList;
			buildConfigurations = (
				5B8D18132BB4460900BA4F75 /* Debug */,
				5B8D18142BB4460900BA4F75 /* Release */,
			);
			defaultConfigurationIsVisible = 0;
			defaultConfigurationName = Release;
		};
		5B8D18152BB4460900BA4F75 /* Build configuration list for PBXNativeTarget "ChefDelivery" */ = {
			isa = XCConfigurationList;
			buildConfigurations = (
				5B8D18162BB4460900BA4F75 /* Debug */,
				5B8D18172BB4460900BA4F75 /* Release */,
			);
			defaultConfigurationIsVisible = 0;
			defaultConfigurationName = Release;
		};
/* End XCConfigurationList section */

/* Begin XCRemoteSwiftPackageReference section */
		5B8186B82BBC35AB00D4429C /* XCRemoteSwiftPackageReference "Alamofire" */ = {
			isa = XCRemoteSwiftPackageReference;
			repositoryURL = "https://github.com/Alamofire/Alamofire.git";
			requirement = {
				kind = upToNextMajorVersion;
				minimumVersion = 5.9.1;
			};
		};
/* End XCRemoteSwiftPackageReference section */

/* Begin XCSwiftPackageProductDependency section */
		5B8186B92BBC35AB00D4429C /* Alamofire */ = {
			isa = XCSwiftPackageProductDependency;
			package = 5B8186B82BBC35AB00D4429C /* XCRemoteSwiftPackageReference "Alamofire" */;
			productName = Alamofire;
		};
		5B8186BB2BBC35AB00D4429C /* AlamofireDynamic */ = {
			isa = XCSwiftPackageProductDependency;
			package = 5B8186B82BBC35AB00D4429C /* XCRemoteSwiftPackageReference "Alamofire" */;
			productName = AlamofireDynamic;
		};
/* End XCSwiftPackageProductDependency section */
	};
	rootObject = 5B8D17FF2BB4460700BA4F75 /* Project object */;
}
